
Microsoft Visual Studio Solution File, Format Version 12.00
# Visual Studio Version 17
VisualStudioVersion = 17.0.32126.317
MinimumVisualStudioVersion = 10.0.40219.1
Project("{8BC9CEB8-8B4A-11D0-8D11-00A0C91BC942}") = "4-6", "4-6\4-6.vcxproj", "{9CE90BFF-7D52-427A-AFDD-90A758329A2E}"
EndProject
Global
	GlobalSection(SolutionConfigurationPlatforms) = preSolution
		Debug|x64 = Debug|x64
		Debug|x86 = Debug|x86
		Release|x64 = Release|x64
		Release|x86 = Release|x86
	EndGlobalSection
	GlobalSection(ProjectConfigurationPlatforms) = postSolution
		{9CE90BFF-7D52-427A-AFDD-90A758329A2E}.Debug|x64.ActiveCfg = Debug|x64
		{9CE90BFF-7D52-427A-AFDD-90A758329A2E}.Debug|x64.Build.0 = Debug|x64
		{9CE90BFF-7D52-427A-AFDD-90A758329A2E}.Debug|x86.ActiveCfg = Debug|Win32
		{9CE90BFF-7D52-427A-AFDD-90A758329A2E}.Debug|x86.Build.0 = Debug|Win32
		{9CE90BFF-7D52-427A-AFDD-90A758329A2E}.Release|x64.ActiveCfg = Release|x64
		{9CE90BFF-7D52-427A-AFDD-90A758329A2E}.Release|x64.Build.0 = Release|x64
		{9CE90BFF-7D52-427A-AFDD-90A758329A2E}.Release|x86.ActiveCfg = Release|Win32
		{9CE90BFF-7D52-427A-AFDD-90A758329A2E}.Release|x86.Build.0 = Release|Win32
	EndGlobalSection
	GlobalSection(SolutionProperties) = preSolution
		HideSolutionNode = FALSE
	EndGlobalSection
	GlobalSection(ExtensibilityGlobals) = postSolution
		SolutionGuid = {B4AB1271-E6C5-4345-9166-C908EFE5C1D1}
	EndGlobalSection
EndGlobal
